// !$*UTF8*$!
{
	archiveVersion = 1;
	classes = {
	};
	objectVersion = 50;
	objects = {

/* Begin PBXBuildFile section */
		81B34E8C208F791900691081 /* AppDelegate.swift in Sources */ = {isa = PBXBuildFile; fileRef = 81B34E8B208F791900691081 /* AppDelegate.swift */; };
		81B34E8E208F791900691081 /* ViewController.swift in Sources */ = {isa = PBXBuildFile; fileRef = 81B34E8D208F791900691081 /* ViewController.swift */; };
		81B34E91208F791900691081 /* Main.storyboard in Resources */ = {isa = PBXBuildFile; fileRef = 81B34E8F208F791900691081 /* Main.storyboard */; };
		81B34E93208F791D00691081 /* Assets.xcassets in Resources */ = {isa = PBXBuildFile; fileRef = 81B34E92208F791D00691081 /* Assets.xcassets */; };
		81B34E96208F791D00691081 /* LaunchScreen.storyboard in Resources */ = {isa = PBXBuildFile; fileRef = 81B34E94208F791D00691081 /* LaunchScreen.storyboard */; };
		81B34E9E208F793300691081 /* MovieAPI.swift in Sources */ = {isa = PBXBuildFile; fileRef = 81B34E9D208F793300691081 /* MovieAPI.swift */; };
		81B34EA0208F794300691081 /* Movie.swift in Sources */ = {isa = PBXBuildFile; fileRef = 81B34E9F208F794300691081 /* Movie.swift */; };
		81B34EB2208F7A5000691081 /* NetworkHelper.swift in Sources */ = {isa = PBXBuildFile; fileRef = 81B34EB1208F7A5000691081 /* NetworkHelper.swift */; };
		81B34EBC208F7FEB00691081 /* MovieAPITests.swift in Sources */ = {isa = PBXBuildFile; fileRef = 81B34EBB208F7FEB00691081 /* MovieAPITests.swift */; };
/* End PBXBuildFile section */

/* Begin PBXContainerItemProxy section */
		81B34EBE208F7FEB00691081 /* PBXContainerItemProxy */ = {
			isa = PBXContainerItemProxy;
			containerPortal = 81B34E80208F791900691081 /* Project object */;
			proxyType = 1;
			remoteGlobalIDString = 81B34E87208F791900691081;
			remoteInfo = TestingPractice;
		};
/* End PBXContainerItemProxy section */

/* Begin PBXFileReference section */
		81B34E88208F791900691081 /* TestingPractice.app */ = {isa = PBXFileReference; explicitFileType = wrapper.application; includeInIndex = 0; path = TestingPractice.app; sourceTree = BUILT_PRODUCTS_DIR; };
		81B34E8B208F791900691081 /* AppDelegate.swift */ = {isa = PBXFileReference; lastKnownFileType = sourcecode.swift; path = AppDelegate.swift; sourceTree = "<group>"; };
		81B34E8D208F791900691081 /* ViewController.swift */ = {isa = PBXFileReference; lastKnownFileType = sourcecode.swift; path = ViewController.swift; sourceTree = "<group>"; };
		81B34E90208F791900691081 /* Base */ = {isa = PBXFileReference; lastKnownFileType = file.storyboard; name = Base; path = Base.lproj/Main.storyboard; sourceTree = "<group>"; };
		81B34E92208F791D00691081 /* Assets.xcassets */ = {isa = PBXFileReference; lastKnownFileType = folder.assetcatalog; path = Assets.xcassets; sourceTree = "<group>"; };
		81B34E95208F791D00691081 /* Base */ = {isa = PBXFileReference; lastKnownFileType = file.storyboard; name = Base; path = Base.lproj/LaunchScreen.storyboard; sourceTree = "<group>"; };
		81B34E97208F791D00691081 /* Info.plist */ = {isa = PBXFileReference; lastKnownFileType = text.plist.xml; path = Info.plist; sourceTree = "<group>"; };
		81B34E9D208F793300691081 /* MovieAPI.swift */ = {isa = PBXFileReference; lastKnownFileType = sourcecode.swift; path = MovieAPI.swift; sourceTree = "<group>"; };
		81B34E9F208F794300691081 /* Movie.swift */ = {isa = PBXFileReference; lastKnownFileType = sourcecode.swift; path = Movie.swift; sourceTree = "<group>"; };
		81B34EB1208F7A5000691081 /* NetworkHelper.swift */ = {isa = PBXFileReference; lastKnownFileType = sourcecode.swift; path = NetworkHelper.swift; sourceTree = "<group>"; };
		81B34EB9208F7FEB00691081 /* MovieAPITests.xctest */ = {isa = PBXFileReference; explicitFileType = wrapper.cfbundle; includeInIndex = 0; path = MovieAPITests.xctest; sourceTree = BUILT_PRODUCTS_DIR; };
		81B34EBB208F7FEB00691081 /* MovieAPITests.swift */ = {isa = PBXFileReference; lastKnownFileType = sourcecode.swift; path = MovieAPITests.swift; sourceTree = "<group>"; };
		81B34EBD208F7FEB00691081 /* Info.plist */ = {isa = PBXFileReference; lastKnownFileType = text.plist.xml; path = Info.plist; sourceTree = "<group>"; };
/* End PBXFileReference section */

/* Begin PBXFrameworksBuildPhase section */
		81B34E85208F791900691081 /* Frameworks */ = {
			isa = PBXFrameworksBuildPhase;
			buildActionMask = 2147483647;
			files = (
			);
			runOnlyForDeploymentPostprocessing = 0;
		};
		81B34EB6208F7FEB00691081 /* Frameworks */ = {
			isa = PBXFrameworksBuildPhase;
			buildActionMask = 2147483647;
			files = (
			);
			runOnlyForDeploymentPostprocessing = 0;
		};
/* End PBXFrameworksBuildPhase section */

/* Begin PBXGroup section */
		81B34E7F208F791900691081 = {
			isa = PBXGroup;
			children = (
				81B34E8A208F791900691081 /* TestingPractice */,
				81B34EBA208F7FEB00691081 /* MovieAPITests */,
				81B34E89208F791900691081 /* Products */,
			);
			sourceTree = "<group>";
		};
		81B34E89208F791900691081 /* Products */ = {
			isa = PBXGroup;
			children = (
				81B34E88208F791900691081 /* TestingPractice.app */,
				81B34EB9208F7FEB00691081 /* MovieAPITests.xctest */,
			);
			name = Products;
			sourceTree = "<group>";
		};
		81B34E8A208F791900691081 /* TestingPractice */ = {
			isa = PBXGroup;
			children = (
				81B34E8B208F791900691081 /* AppDelegate.swift */,
				81B34EB1208F7A5000691081 /* NetworkHelper.swift */,
				81B34E9D208F793300691081 /* MovieAPI.swift */,
				81B34E9F208F794300691081 /* Movie.swift */,
				81B34E8D208F791900691081 /* ViewController.swift */,
				81B34E8F208F791900691081 /* Main.storyboard */,
				81B34E92208F791D00691081 /* Assets.xcassets */,
				81B34E94208F791D00691081 /* LaunchScreen.storyboard */,
				81B34E97208F791D00691081 /* Info.plist */,
			);
			path = TestingPractice;
			sourceTree = "<group>";
		};
		81B34EBA208F7FEB00691081 /* MovieAPITests */ = {
			isa = PBXGroup;
			children = (
				81B34EBB208F7FEB00691081 /* MovieAPITests.swift */,
				81B34EBD208F7FEB00691081 /* Info.plist */,
			);
			path = MovieAPITests;
			sourceTree = "<group>";
		};
/* End PBXGroup section */

/* Begin PBXNativeTarget section */
		81B34E87208F791900691081 /* TestingPractice */ = {
			isa = PBXNativeTarget;
			buildConfigurationList = 81B34E9A208F791D00691081 /* Build configuration list for PBXNativeTarget "TestingPractice" */;
			buildPhases = (
				81B34E84208F791900691081 /* Sources */,
				81B34E85208F791900691081 /* Frameworks */,
				81B34E86208F791900691081 /* Resources */,
			);
			buildRules = (
			);
			dependencies = (
			);
			name = TestingPractice;
			productName = TestingPractice;
			productReference = 81B34E88208F791900691081 /* TestingPractice.app */;
			productType = "com.apple.product-type.application";
		};
		81B34EB8208F7FEB00691081 /* MovieAPITests */ = {
			isa = PBXNativeTarget;
			buildConfigurationList = 81B34EC0208F7FEB00691081 /* Build configuration list for PBXNativeTarget "MovieAPITests" */;
			buildPhases = (
				81B34EB5208F7FEB00691081 /* Sources */,
				81B34EB6208F7FEB00691081 /* Frameworks */,
				81B34EB7208F7FEB00691081 /* Resources */,
			);
			buildRules = (
			);
			dependencies = (
				81B34EBF208F7FEB00691081 /* PBXTargetDependency */,
			);
			name = MovieAPITests;
			productName = MovieAPITests;
			productReference = 81B34EB9208F7FEB00691081 /* MovieAPITests.xctest */;
			productType = "com.apple.product-type.bundle.unit-test";
		};
/* End PBXNativeTarget section */

/* Begin PBXProject section */
		81B34E80208F791900691081 /* Project object */ = {
			isa = PBXProject;
			attributes = {
				LastSwiftUpdateCheck = 0930;
				LastUpgradeCheck = 0930;
				ORGANIZATIONNAME = "Melissa He @ C4Q";
				TargetAttributes = {
					81B34E87208F791900691081 = {
						CreatedOnToolsVersion = 9.3;
					};
					81B34EB8208F7FEB00691081 = {
						CreatedOnToolsVersion = 9.3;
						TestTargetID = 81B34E87208F791900691081;
					};
				};
			};
			buildConfigurationList = 81B34E83208F791900691081 /* Build configuration list for PBXProject "TestingPractice" */;
			compatibilityVersion = "Xcode 9.3";
			developmentRegion = en;
			hasScannedForEncodings = 0;
			knownRegions = (
				en,
				Base,
			);
			mainGroup = 81B34E7F208F791900691081;
			productRefGroup = 81B34E89208F791900691081 /* Products */;
			projectDirPath = "";
			projectRoot = "";
			targets = (
				81B34E87208F791900691081 /* TestingPractice */,
				81B34EB8208F7FEB00691081 /* MovieAPITests */,
			);
		};
/* End PBXProject section */

/* Begin PBXResourcesBuildPhase section */
		81B34E86208F791900691081 /* Resources */ = {
			isa = PBXResourcesBuildPhase;
			buildActionMask = 2147483647;
			files = (
				81B34E96208F791D00691081 /* LaunchScreen.storyboard in Resources */,
				81B34E93208F791D00691081 /* Assets.xcassets in Resources */,
				81B34E91208F791900691081 /* Main.storyboard in Resources */,
			);
			runOnlyForDeploymentPostprocessing = 0;
		};
		81B34EB7208F7FEB00691081 /* Resources */ = {
			isa = PBXResourcesBuildPhase;
			buildActionMask = 2147483647;
			files = (
			);
			runOnlyForDeploymentPostprocessing = 0;
		};
/* End PBXResourcesBuildPhase section */

/* Begin PBXSourcesBuildPhase section */
		81B34E84208F791900691081 /* Sources */ = {
			isa = PBXSourcesBuildPhase;
			buildActionMask = 2147483647;
			files = (
				81B34E9E208F793300691081 /* MovieAPI.swift in Sources */,
				81B34E8E208F791900691081 /* ViewController.swift in Sources */,
				81B34EB2208F7A5000691081 /* NetworkHelper.swift in Sources */,
				81B34EA0208F794300691081 /* Movie.swift in Sources */,
				81B34E8C208F791900691081 /* AppDelegate.swift in Sources */,
			);
			runOnlyForDeploymentPostprocessing = 0;
		};
		81B34EB5208F7FEB00691081 /* Sources */ = {
			isa = PBXSourcesBuildPhase;
			buildActionMask = 2147483647;
			files = (
				81B34EBC208F7FEB00691081 /* MovieAPITests.swift in Sources */,
			);
			runOnlyForDeploymentPostprocessing = 0;
		};
/* End PBXSourcesBuildPhase section */

/* Begin PBXTargetDependency section */
		81B34EBF208F7FEB00691081 /* PBXTargetDependency */ = {
			isa = PBXTargetDependency;
			target = 81B34E87208F791900691081 /* TestingPractice */;
			targetProxy = 81B34EBE208F7FEB00691081 /* PBXContainerItemProxy */;
		};
/* End PBXTargetDependency section */

/* Begin PBXVariantGroup section */
		81B34E8F208F791900691081 /* Main.storyboard */ = {
			isa = PBXVariantGroup;
			children = (
				81B34E90208F791900691081 /* Base */,
			);
			name = Main.storyboard;
			sourceTree = "<group>";
		};
		81B34E94208F791D00691081 /* LaunchScreen.storyboard */ = {
			isa = PBXVariantGroup;
			children = (
				81B34E95208F791D00691081 /* Base */,
			);
			name = LaunchScreen.storyboard;
			sourceTree = "<group>";
		};
/* End PBXVariantGroup section */

/* Begin XCBuildConfiguration section */
		81B34E98208F791D00691081 /* Debug */ = {
			isa = XCBuildConfiguration;
			buildSettings = {
				ALWAYS_SEARCH_USER_PATHS = NO;
				CLANG_ANALYZER_NONNULL = YES;
				CLANG_ANALYZER_NUMBER_OBJECT_CONVERSION = YES_AGGRESSIVE;
				CLANG_CXX_LANGUAGE_STANDARD = "gnu++14";
				CLANG_CXX_LIBRARY = "libc++";
				CLANG_ENABLE_MODULES = YES;
				CLANG_ENABLE_OBJC_ARC = YES;
				CLANG_ENABLE_OBJC_WEAK = YES;
				CLANG_WARN_BLOCK_CAPTURE_AUTORELEASING = YES;
				CLANG_WARN_BOOL_CONVERSION = YES;
				CLANG_WARN_COMMA = YES;
				CLANG_WARN_CONSTANT_CONVERSION = YES;
				CLANG_WARN_DEPRECATED_OBJC_IMPLEMENTATIONS = YES;
				CLANG_WARN_DIRECT_OBJC_ISA_USAGE = YES_ERROR;
				CLANG_WARN_DOCUMENTATION_COMMENTS = YES;
				CLANG_WARN_EMPTY_BODY = YES;
				CLANG_WARN_ENUM_CONVERSION = YES;
				CLANG_WARN_INFINITE_RECURSION = YES;
				CLANG_WARN_INT_CONVERSION = YES;
				CLANG_WARN_NON_LITERAL_NULL_CONVERSION = YES;
				CLANG_WARN_OBJC_IMPLICIT_RETAIN_SELF = YES;
				CLANG_WARN_OBJC_LITERAL_CONVERSION = YES;
				CLANG_WARN_OBJC_ROOT_CLASS = YES_ERROR;
				CLANG_WARN_RANGE_LOOP_ANALYSIS = YES;
				CLANG_WARN_STRICT_PROTOTYPES = YES;
				CLANG_WARN_SUSPICIOUS_MOVE = YES;
				CLANG_WARN_UNGUARDED_AVAILABILITY = YES_AGGRESSIVE;
				CLANG_WARN_UNREACHABLE_CODE = YES;
				CLANG_WARN__DUPLICATE_METHOD_MATCH = YES;
				CODE_SIGN_IDENTITY = "iPhone Developer";
				COPY_PHASE_STRIP = NO;
				DEBUG_INFORMATION_FORMAT = dwarf;
				ENABLE_STRICT_OBJC_MSGSEND = YES;
				ENABLE_TESTABILITY = YES;
				GCC_C_LANGUAGE_STANDARD = gnu11;
				GCC_DYNAMIC_NO_PIC = NO;
				GCC_NO_COMMON_BLOCKS = YES;
				GCC_OPTIMIZATION_LEVEL = 0;
				GCC_PREPROCESSOR_DEFINITIONS = (
					"DEBUG=1",
					"$(inherited)",
				);
				GCC_WARN_64_TO_32_BIT_CONVERSION = YES;
				GCC_WARN_ABOUT_RETURN_TYPE = YES_ERROR;
				GCC_WARN_UNDECLARED_SELECTOR = YES;
				GCC_WARN_UNINITIALIZED_AUTOS = YES_AGGRESSIVE;
				GCC_WARN_UNUSED_FUNCTION = YES;
				GCC_WARN_UNUSED_VARIABLE = YES;
				IPHONEOS_DEPLOYMENT_TARGET = 11.3;
				MTL_ENABLE_DEBUG_INFO = YES;
				ONLY_ACTIVE_ARCH = YES;
				SDKROOT = iphoneos;
				SWIFT_ACTIVE_COMPILATION_CONDITIONS = DEBUG;
				SWIFT_OPTIMIZATION_LEVEL = "-Onone";
			};
			name = Debug;
		};
		81B34E99208F791D00691081 /* Release */ = {
			isa = XCBuildConfiguration;
			buildSettings = {
				ALWAYS_SEARCH_USER_PATHS = NO;
				CLANG_ANALYZER_NONNULL = YES;
				CLANG_ANALYZER_NUMBER_OBJECT_CONVERSION = YES_AGGRESSIVE;
				CLANG_CXX_LANGUAGE_STANDARD = "gnu++14";
				CLANG_CXX_LIBRARY = "libc++";
				CLANG_ENABLE_MODULES = YES;
				CLANG_ENABLE_OBJC_ARC = YES;
				CLANG_ENABLE_OBJC_WEAK = YES;
				CLANG_WARN_BLOCK_CAPTURE_AUTORELEASING = YES;
				CLANG_WARN_BOOL_CONVERSION = YES;
				CLANG_WARN_COMMA = YES;
				CLANG_WARN_CONSTANT_CONVERSION = YES;
				CLANG_WARN_DEPRECATED_OBJC_IMPLEMENTATIONS = YES;
				CLANG_WARN_DIRECT_OBJC_ISA_USAGE = YES_ERROR;
				CLANG_WARN_DOCUMENTATION_COMMENTS = YES;
				CLANG_WARN_EMPTY_BODY = YES;
				CLANG_WARN_ENUM_CONVERSION = YES;
				CLANG_WARN_INFINITE_RECURSION = YES;
				CLANG_WARN_INT_CONVERSION = YES;
				CLANG_WARN_NON_LITERAL_NULL_CONVERSION = YES;
				CLANG_WARN_OBJC_IMPLICIT_RETAIN_SELF = YES;
				CLANG_WARN_OBJC_LITERAL_CONVERSION = YES;
				CLANG_WARN_OBJC_ROOT_CLASS = YES_ERROR;
				CLANG_WARN_RANGE_LOOP_ANALYSIS = YES;
				CLANG_WARN_STRICT_PROTOTYPES = YES;
				CLANG_WARN_SUSPICIOUS_MOVE = YES;
				CLANG_WARN_UNGUARDED_AVAILABILITY = YES_AGGRESSIVE;
				CLANG_WARN_UNREACHABLE_CODE = YES;
				CLANG_WARN__DUPLICATE_METHOD_MATCH = YES;
				CODE_SIGN_IDENTITY = "iPhone Developer";
				COPY_PHASE_STRIP = NO;
				DEBUG_INFORMATION_FORMAT = "dwarf-with-dsym";
				ENABLE_NS_ASSERTIONS = NO;
				ENABLE_STRICT_OBJC_MSGSEND = YES;
				GCC_C_LANGUAGE_STANDARD = gnu11;
				GCC_NO_COMMON_BLOCKS = YES;
				GCC_WARN_64_TO_32_BIT_CONVERSION = YES;
				GCC_WARN_ABOUT_RETURN_TYPE = YES_ERROR;
				GCC_WARN_UNDECLARED_SELECTOR = YES;
				GCC_WARN_UNINITIALIZED_AUTOS = YES_AGGRESSIVE;
				GCC_WARN_UNUSED_FUNCTION = YES;
				GCC_WARN_UNUSED_VARIABLE = YES;
				IPHONEOS_DEPLOYMENT_TARGET = 11.3;
				MTL_ENABLE_DEBUG_INFO = NO;
				SDKROOT = iphoneos;
				SWIFT_COMPILATION_MODE = wholemodule;
				SWIFT_OPTIMIZATION_LEVEL = "-O";
				VALIDATE_PRODUCT = YES;
			};
			name = Release;
		};
		81B34E9B208F791D00691081 /* Debug */ = {
			isa = XCBuildConfiguration;
			buildSettings = {
				ASSETCATALOG_COMPILER_APPICON_NAME = AppIcon;
				CODE_SIGN_STYLE = Automatic;
				DEVELOPMENT_TEAM = M6644XK36Y;
				INFOPLIST_FILE = TestingPractice/Info.plist;
				LD_RUNPATH_SEARCH_PATHS = (
					"$(inherited)",
					"@executable_path/Frameworks",
				);
				PRODUCT_BUNDLE_IDENTIFIER = "Melissa-He.TestingPractice";
				PRODUCT_NAME = "$(TARGET_NAME)";
				SWIFT_VERSION = 4.0;
				TARGETED_DEVICE_FAMILY = "1,2";
			};
			name = Debug;
		};
		81B34E9C208F791D00691081 /* Release */ = {
			isa = XCBuildConfiguration;
			buildSettings = {
				ASSETCATALOG_COMPILER_APPICON_NAME = AppIcon;
				CODE_SIGN_STYLE = Automatic;
				DEVELOPMENT_TEAM = M6644XK36Y;
				INFOPLIST_FILE = TestingPractice/Info.plist;
				LD_RUNPATH_SEARCH_PATHS = (
					"$(inherited)",
					"@executable_path/Frameworks",
				);
				PRODUCT_BUNDLE_IDENTIFIER = "Melissa-He.TestingPractice";
				PRODUCT_NAME = "$(TARGET_NAME)";
				SWIFT_VERSION = 4.0;
				TARGETED_DEVICE_FAMILY = "1,2";
			};
			name = Release;
		};
		81B34EC1208F7FEB00691081 /* Debug */ = {
			isa = XCBuildConfiguration;
			buildSettings = {
				BUNDLE_LOADER = "$(TEST_HOST)";
				CODE_SIGN_STYLE = Automatic;
				DEVELOPMENT_TEAM = M6644XK36Y;
				INFOPLIST_FILE = MovieAPITests/Info.plist;
				LD_RUNPATH_SEARCH_PATHS = (
					"$(inherited)",
					"@executable_path/Frameworks",
					"@loader_path/Frameworks",
				);
				PRODUCT_BUNDLE_IDENTIFIER = "Melissa-He.MovieAPITests";
				PRODUCT_NAME = "$(TARGET_NAME)";
				SWIFT_VERSION = 4.0;
				TARGETED_DEVICE_FAMILY = "1,2";
				TEST_HOST = "$(BUILT_PRODUCTS_DIR)/TestingPractice.app/TestingPractice";
			};
			name = Debug;
		};
		81B34EC2208F7FEB00691081 /* Release */ = {
			isa = XCBuildConfiguration;
			buildSettings = {
				BUNDLE_LOADER = "$(TEST_HOST)";
				CODE_SIGN_STYLE = Automatic;
				DEVELOPMENT_TEAM = M6644XK36Y;
				INFOPLIST_FILE = MovieAPITests/Info.plist;
				LD_RUNPATH_SEARCH_PATHS = (
					"$(inherited)",
					"@executable_path/Frameworks",
					"@loader_path/Frameworks",
				);
				PRODUCT_BUNDLE_IDENTIFIER = "Melissa-He.MovieAPITests";
				PRODUCT_NAME = "$(TARGET_NAME)";
				SWIFT_VERSION = 4.0;
				TARGETED_DEVICE_FAMILY = "1,2";
				TEST_HOST = "$(BUILT_PRODUCTS_DIR)/TestingPractice.app/TestingPractice";
			};
			name = Release;
		};
/* End XCBuildConfiguration section */

/* Begin XCConfigurationList section */
		81B34E83208F791900691081 /* Build configuration list for PBXProject "TestingPractice" */ = {
			isa = XCConfigurationList;
			buildConfigurations = (
				81B34E98208F791D00691081 /* Debug */,
				81B34E99208F791D00691081 /* Release */,
			);
			defaultConfigurationIsVisible = 0;
			defaultConfigurationName = Release;
		};
		81B34E9A208F791D00691081 /* Build configuration list for PBXNativeTarget "TestingPractice" */ = {
			isa = XCConfigurationList;
			buildConfigurations = (
				81B34E9B208F791D00691081 /* Debug */,
				81B34E9C208F791D00691081 /* Release */,
			);
			defaultConfigurationIsVisible = 0;
			defaultConfigurationName = Release;
		};
		81B34EC0208F7FEB00691081 /* Build configuration list for PBXNativeTarget "MovieAPITests" */ = {
			isa = XCConfigurationList;
			buildConfigurations = (
				81B34EC1208F7FEB00691081 /* Debug */,
				81B34EC2208F7FEB00691081 /* Release */,
			);
			defaultConfigurationIsVisible = 0;
			defaultConfigurationName = Release;
		};
/* End XCConfigurationList section */
	};
	rootObject = 81B34E80208F791900691081 /* Project object */;
}
